
Microsoft Visual Studio Solution File, Format Version 12.00
# Visual Studio Version 16
VisualStudioVersion = 16.0.32602.291
MinimumVisualStudioVersion = 10.0.40219.1
Project("{FAE04EC0-301F-11D3-BF4B-00C04F79EFBC}") = "longest-monotonic-sub-sequence", "longest-monotonic-sub-sequence\longest-monotonic-sub-sequence.csproj", "{83846E37-816A-4BAF-B230-BE8EB8A78222}"
EndProject
Global
	GlobalSection(SolutionConfigurationPlatforms) = preSolution
		Debug|Any CPU = Debug|Any CPU
		Release|Any CPU = Release|Any CPU
	EndGlobalSection
	GlobalSection(ProjectConfigurationPlatforms) = postSolution
		{83846E37-816A-4BAF-B230-BE8EB8A78222}.Debug|Any CPU.ActiveCfg = Debug|Any CPU
		{83846E37-816A-4BAF-B230-BE8EB8A78222}.Debug|Any CPU.Build.0 = Debug|Any CPU
		{83846E37-816A-4BAF-B230-BE8EB8A78222}.Release|Any CPU.ActiveCfg = Release|Any CPU
		{83846E37-816A-4BAF-B230-BE8EB8A78222}.Release|Any CPU.Build.0 = Release|Any CPU
	EndGlobalSection
	GlobalSection(SolutionProperties) = preSolution
		HideSolutionNode = FALSE
	EndGlobalSection
	GlobalSection(ExtensibilityGlobals) = postSolution
		SolutionGuid = {E8C45325-13D8-4CB1-AC03-9F712952D311}
	EndGlobalSection
EndGlobal
